
Microsoft Visual Studio Solution File, Format Version 12.00
# Visual Studio Version 17
VisualStudioVersion = 17.3.32901.215
MinimumVisualStudioVersion = 10.0.40219.1
Project("{FAE04EC0-301F-11D3-BF4B-00C04F79EFBC}") = "igrul`ki", "igrul`ki\igrul`ki.csproj", "{5F87BF2B-42E6-4500-A160-E1D09FD61195}"
EndProject
Global
	GlobalSection(SolutionConfigurationPlatforms) = preSolution
		Debug|Any CPU = Debug|Any CPU
		Release|Any CPU = Release|Any CPU
	EndGlobalSection
	GlobalSection(ProjectConfigurationPlatforms) = postSolution
		{5F87BF2B-42E6-4500-A160-E1D09FD61195}.Debug|Any CPU.ActiveCfg = Debug|Any CPU
		{5F87BF2B-42E6-4500-A160-E1D09FD61195}.Debug|Any CPU.Build.0 = Debug|Any CPU
		{5F87BF2B-42E6-4500-A160-E1D09FD61195}.Release|Any CPU.ActiveCfg = Release|Any CPU
		{5F87BF2B-42E6-4500-A160-E1D09FD61195}.Release|Any CPU.Build.0 = Release|Any CPU
	EndGlobalSection
	GlobalSection(SolutionProperties) = preSolution
		HideSolutionNode = FALSE
	EndGlobalSection
	GlobalSection(ExtensibilityGlobals) = postSolution
		SolutionGuid = {697B4051-938A-4F0B-851C-F8BCFD84D849}
	EndGlobalSection
EndGlobal
